{
  "name": "js_extract_exif",
  "lockfileVersion": 3,
  "requires": true,
  "packages": {
    "": {
      "dependencies": {
        "exif-async": "^1.0.6",
        "parse-dms": "^0.0.5"
      }
    },
    "node_modules/debug": {
      "version": "2.6.9",
      "resolved": "https://registry.npmjs.org/debug/-/debug-2.6.9.tgz",
      "integrity": "sha512-bC7ElrdJaJnPbAP+1EotYvqZsb3ecl5wi6Bfi6BJTUcNowp6cvspg0jXznRTKDjm/E7AdgFBVeAPVMNcKGsHMA==",
      "dependencies": {
        "ms": "2.0.0"
      }
    },
    "node_modules/exif": {
      "version": "0.6.0",
      "resolved": "https://registry.npmjs.org/exif/-/exif-0.6.0.tgz",
      "integrity": "sha512-gEwM4uanNMfLnDNKclZ7jPEA99E3rpy4ntoS6QW8u6murZjl1o8qRaPdMoC46Syg3d9/QaET0bYKhWlTwJCPgg==",
      "dependencies": {
        "debug": "^2.2"
      }
    },
    "node_modules/exif-async": {
      "version": "1.0.6",
      "resolved": "https://registry.npmjs.org/exif-async/-/exif-async-1.0.6.tgz",
      "integrity": "sha512-weE/crpThoKBjec/1NTZaf7tEJH5zVVJ+vsCHsE6QstUG78dQgbrmtHX0JbgdTJMIBfOuublCcq+DE3HdfhUyw==",
      "dependencies": {
        "exif": "^0.6.0"
      },
      "engines": {
        "node": ">=7.6.0",
        "npm": ">=4.0.0"
      }
    },
    "node_modules/ms": {
      "version": "2.0.0",
      "resolved": "https://registry.npmjs.org/ms/-/ms-2.0.0.tgz",
      "integrity": "sha512-Tpp60P6IUJDTuOq/5Z8cdskzJujfwqfOTkrwIwj7IRISpnkJnT6SyJ4PCPnGMoFjC9ddhal5KVIYtAt97ix05A=="
    },
    "node_modules/parse-dms": {
      "version": "0.0.5",
      "resolved": "https://registry.npmjs.org/parse-dms/-/parse-dms-0.0.5.tgz",
      "integrity": "sha512-4mIie3rQi8ovjulOsAuVddenvZJev0E/fv7MLdwvmWITakbaoKNtbmCMff2i10I/nkV6BkW4PXe7ZwhuSHD90g=="
    }
  }
}
